
Microsoft Visual Studio Solution File, Format Version 12.00
# Visual Studio Version 16
VisualStudioVersion = 16.0.34601.136
MinimumVisualStudioVersion = 10.0.40219.1
Project("{FAE04EC0-301F-11D3-BF4B-00C04F79EFBC}") = "Herencia", "Herencia.csproj", "{3D7680CC-399D-4209-B9F2-8626E1BD0C07}"
EndProject
Global
	GlobalSection(SolutionConfigurationPlatforms) = preSolution
		Debug|Any CPU = Debug|Any CPU
		Release|Any CPU = Release|Any CPU
	EndGlobalSection
	GlobalSection(ProjectConfigurationPlatforms) = postSolution
		{3D7680CC-399D-4209-B9F2-8626E1BD0C07}.Debug|Any CPU.ActiveCfg = Debug|Any CPU
		{3D7680CC-399D-4209-B9F2-8626E1BD0C07}.Debug|Any CPU.Build.0 = Debug|Any CPU
		{3D7680CC-399D-4209-B9F2-8626E1BD0C07}.Release|Any CPU.ActiveCfg = Release|Any CPU
		{3D7680CC-399D-4209-B9F2-8626E1BD0C07}.Release|Any CPU.Build.0 = Release|Any CPU
	EndGlobalSection
	GlobalSection(SolutionProperties) = preSolution
		HideSolutionNode = FALSE
	EndGlobalSection
	GlobalSection(ExtensibilityGlobals) = postSolution
		SolutionGuid = {2F1C028E-32AA-4165-8E54-B0ED7A82F740}
	EndGlobalSection
EndGlobal
